
Microsoft Visual Studio Solution File, Format Version 12.00
# Visual Studio 15
VisualStudioVersion = 15.0.27130.2036
MinimumVisualStudioVersion = 10.0.40219.1
Project("{FAE04EC0-301F-11D3-BF4B-00C04F79EFBC}") = "PE2-KarlaUrreaSoto", "PE2-KarlaUrreaSoto\PE2-KarlaUrreaSoto.csproj", "{8ABE5DC3-FFD8-471E-8C55-2BB8FBF395BE}"
EndProject
Global
	GlobalSection(SolutionConfigurationPlatforms) = preSolution
		Debug|Any CPU = Debug|Any CPU
		Release|Any CPU = Release|Any CPU
	EndGlobalSection
	GlobalSection(ProjectConfigurationPlatforms) = postSolution
		{8ABE5DC3-FFD8-471E-8C55-2BB8FBF395BE}.Debug|Any CPU.ActiveCfg = Debug|Any CPU
		{8ABE5DC3-FFD8-471E-8C55-2BB8FBF395BE}.Debug|Any CPU.Build.0 = Debug|Any CPU
		{8ABE5DC3-FFD8-471E-8C55-2BB8FBF395BE}.Release|Any CPU.ActiveCfg = Release|Any CPU
		{8ABE5DC3-FFD8-471E-8C55-2BB8FBF395BE}.Release|Any CPU.Build.0 = Release|Any CPU
	EndGlobalSection
	GlobalSection(SolutionProperties) = preSolution
		HideSolutionNode = FALSE
	EndGlobalSection
	GlobalSection(ExtensibilityGlobals) = postSolution
		SolutionGuid = {693F7E84-C1F4-46D4-B45D-AA692F4A7C48}
	EndGlobalSection
EndGlobal
